{
  "name": "e2e",
  "version": "1.0.0",
  "lockfileVersion": 1,
  "requires": true,
  "dependencies": {
    "cypress-file-upload": {
      "version": "4.0.4",
      "resolved": "https://registry.npmjs.org/cypress-file-upload/-/cypress-file-upload-4.0.4.tgz",
      "integrity": "sha512-q04HoVb8OQTpusHOadGER+9Dvif7kfoM8MjVAF37O+X5VEZlUARbXrKECH6pUH0vKmWRGcrsoB6mKah9ZJa4Pw==",
      "requires": {
        "mime": "^2.4.4"
      }
    },
    "mime": {
      "version": "2.4.4",
      "resolved": "https://registry.npmjs.org/mime/-/mime-2.4.4.tgz",
      "integrity": "sha512-LRxmNwziLPT828z+4YkNzloCFC2YM4wrB99k+AV5ZbEyfGNWfG8SO1FUXLmLDBSo89NrJZ4DIWeLjy1CHGhMGA=="
    }
  }
}
